
Microsoft Visual Studio Solution File, Format Version 12.00
# Visual Studio Version 16
VisualStudioVersion = 16.0.809.1
MinimumVisualStudioVersion = 10.0.40219.1
Project("{FAE04EC0-301F-11D3-BF4B-00C04F79EFBC}") = "DemoApp", "DemoApp\DemoApp.csproj", "{A26F1794-AA4F-44FD-AC80-28A87BC4F600}"
EndProject
Global
	GlobalSection(SolutionConfigurationPlatforms) = preSolution
		Debug|Any CPU = Debug|Any CPU
		Release|Any CPU = Release|Any CPU
	EndGlobalSection
	GlobalSection(ProjectConfigurationPlatforms) = postSolution
		{A26F1794-AA4F-44FD-AC80-28A87BC4F600}.Debug|Any CPU.ActiveCfg = Debug|Any CPU
		{A26F1794-AA4F-44FD-AC80-28A87BC4F600}.Debug|Any CPU.Build.0 = Debug|Any CPU
		{A26F1794-AA4F-44FD-AC80-28A87BC4F600}.Release|Any CPU.ActiveCfg = Release|Any CPU
		{A26F1794-AA4F-44FD-AC80-28A87BC4F600}.Release|Any CPU.Build.0 = Release|Any CPU
	EndGlobalSection
	GlobalSection(SolutionProperties) = preSolution
		HideSolutionNode = FALSE
	EndGlobalSection
	GlobalSection(ExtensibilityGlobals) = postSolution
		SolutionGuid = {494CF5DB-60DC-42CB-8DBE-D10B5254DBE9}
	EndGlobalSection
EndGlobal
